// !$*UTF8*$!
{
	archiveVersion = 1;
	classes = {
	};
	objectVersion = 46;
	objects = {

/* Begin PBXBuildFile section */
		1264CF2C1D59BA4700814647 /* AppDelegate.swift in Sources */ = {isa = PBXBuildFile; fileRef = 1264CF2B1D59BA4700814647 /* AppDelegate.swift */; };
		1264CF2E1D59BA4700814647 /* ViewController.swift in Sources */ = {isa = PBXBuildFile; fileRef = 1264CF2D1D59BA4700814647 /* ViewController.swift */; };
		1264CF311D59BA4700814647 /* Main.storyboard in Resources */ = {isa = PBXBuildFile; fileRef = 1264CF2F1D59BA4700814647 /* Main.storyboard */; };
		1264CF341D59BA4700814647 /* SegmentedControl.xcdatamodeld in Sources */ = {isa = PBXBuildFile; fileRef = 1264CF321D59BA4700814647 /* SegmentedControl.xcdatamodeld */; };
		1264CF361D59BA4700814647 /* Assets.xcassets in Resources */ = {isa = PBXBuildFile; fileRef = 1264CF351D59BA4700814647 /* Assets.xcassets */; };
		1264CF391D59BA4700814647 /* LaunchScreen.storyboard in Resources */ = {isa = PBXBuildFile; fileRef = 1264CF371D59BA4700814647 /* LaunchScreen.storyboard */; };
		1264CF441D59BA4700814647 /* SegmentedControlTests.swift in Sources */ = {isa = PBXBuildFile; fileRef = 1264CF431D59BA4700814647 /* SegmentedControlTests.swift */; };
		1264CF4F1D59BA4700814647 /* SegmentedControlUITests.swift in Sources */ = {isa = PBXBuildFile; fileRef = 1264CF4E1D59BA4700814647 /* SegmentedControlUITests.swift */; };
/* End PBXBuildFile section */

/* Begin PBXContainerItemProxy section */
		1264CF401D59BA4700814647 /* PBXContainerItemProxy */ = {
			isa = PBXContainerItemProxy;
			containerPortal = 1264CF201D59BA4700814647 /* Project object */;
			proxyType = 1;
			remoteGlobalIDString = 1264CF271D59BA4700814647;
			remoteInfo = SegmentedControl;
		};
		1264CF4B1D59BA4700814647 /* PBXContainerItemProxy */ = {
			isa = PBXContainerItemProxy;
			containerPortal = 1264CF201D59BA4700814647 /* Project object */;
			proxyType = 1;
			remoteGlobalIDString = 1264CF271D59BA4700814647;
			remoteInfo = SegmentedControl;
		};
/* End PBXContainerItemProxy section */

/* Begin PBXFileReference section */
		1264CF281D59BA4700814647 /* SegmentedControl.app */ = {isa = PBXFileReference; explicitFileType = wrapper.application; includeInIndex = 0; path = SegmentedControl.app; sourceTree = BUILT_PRODUCTS_DIR; };
		1264CF2B1D59BA4700814647 /* AppDelegate.swift */ = {isa = PBXFileReference; lastKnownFileType = sourcecode.swift; path = AppDelegate.swift; sourceTree = "<group>"; };
		1264CF2D1D59BA4700814647 /* ViewController.swift */ = {isa = PBXFileReference; lastKnownFileType = sourcecode.swift; path = ViewController.swift; sourceTree = "<group>"; };
		1264CF301D59BA4700814647 /* Base */ = {isa = PBXFileReference; lastKnownFileType = file.storyboard; name = Base; path = Base.lproj/Main.storyboard; sourceTree = "<group>"; };
		1264CF331D59BA4700814647 /* SegmentedControl.xcdatamodel */ = {isa = PBXFileReference; lastKnownFileType = wrapper.xcdatamodel; path = SegmentedControl.xcdatamodel; sourceTree = "<group>"; };
		1264CF351D59BA4700814647 /* Assets.xcassets */ = {isa = PBXFileReference; lastKnownFileType = folder.assetcatalog; path = Assets.xcassets; sourceTree = "<group>"; };
		1264CF381D59BA4700814647 /* Base */ = {isa = PBXFileReference; lastKnownFileType = file.storyboard; name = Base; path = Base.lproj/LaunchScreen.storyboard; sourceTree = "<group>"; };
		1264CF3A1D59BA4700814647 /* Info.plist */ = {isa = PBXFileReference; lastKnownFileType = text.plist.xml; path = Info.plist; sourceTree = "<group>"; };
		1264CF3F1D59BA4700814647 /* SegmentedControlTests.xctest */ = {isa = PBXFileReference; explicitFileType = wrapper.cfbundle; includeInIndex = 0; path = SegmentedControlTests.xctest; sourceTree = BUILT_PRODUCTS_DIR; };
		1264CF431D59BA4700814647 /* SegmentedControlTests.swift */ = {isa = PBXFileReference; lastKnownFileType = sourcecode.swift; path = SegmentedControlTests.swift; sourceTree = "<group>"; };
		1264CF451D59BA4700814647 /* Info.plist */ = {isa = PBXFileReference; lastKnownFileType = text.plist.xml; path = Info.plist; sourceTree = "<group>"; };
		1264CF4A1D59BA4700814647 /* SegmentedControlUITests.xctest */ = {isa = PBXFileReference; explicitFileType = wrapper.cfbundle; includeInIndex = 0; path = SegmentedControlUITests.xctest; sourceTree = BUILT_PRODUCTS_DIR; };
		1264CF4E1D59BA4700814647 /* SegmentedControlUITests.swift */ = {isa = PBXFileReference; lastKnownFileType = sourcecode.swift; path = SegmentedControlUITests.swift; sourceTree = "<group>"; };
		1264CF501D59BA4700814647 /* Info.plist */ = {isa = PBXFileReference; lastKnownFileType = text.plist.xml; path = Info.plist; sourceTree = "<group>"; };
/* End PBXFileReference section */

/* Begin PBXFrameworksBuildPhase section */
		1264CF251D59BA4700814647 /* Frameworks */ = {
			isa = PBXFrameworksBuildPhase;
			buildActionMask = 2147483647;
			files = (
			);
			runOnlyForDeploymentPostprocessing = 0;
		};
		1264CF3C1D59BA4700814647 /* Frameworks */ = {
			isa = PBXFrameworksBuildPhase;
			buildActionMask = 2147483647;
			files = (
			);
			runOnlyForDeploymentPostprocessing = 0;
		};
		1264CF471D59BA4700814647 /* Frameworks */ = {
			isa = PBXFrameworksBuildPhase;
			buildActionMask = 2147483647;
			files = (
			);
			runOnlyForDeploymentPostprocessing = 0;
		};
/* End PBXFrameworksBuildPhase section */

/* Begin PBXGroup section */
		1264CF1F1D59BA4700814647 = {
			isa = PBXGroup;
			children = (
				1264CF2A1D59BA4700814647 /* SegmentedControl */,
				1264CF421D59BA4700814647 /* SegmentedControlTests */,
				1264CF4D1D59BA4700814647 /* SegmentedControlUITests */,
				1264CF291D59BA4700814647 /* Products */,
			);
			sourceTree = "<group>";
		};
		1264CF291D59BA4700814647 /* Products */ = {
			isa = PBXGroup;
			children = (
				1264CF281D59BA4700814647 /* SegmentedControl.app */,
				1264CF3F1D59BA4700814647 /* SegmentedControlTests.xctest */,
				1264CF4A1D59BA4700814647 /* SegmentedControlUITests.xctest */,
			);
			name = Products;
			sourceTree = "<group>";
		};
		1264CF2A1D59BA4700814647 /* SegmentedControl */ = {
			isa = PBXGroup;
			children = (
				1264CF2B1D59BA4700814647 /* AppDelegate.swift */,
				1264CF2D1D59BA4700814647 /* ViewController.swift */,
				1264CF2F1D59BA4700814647 /* Main.storyboard */,
				1264CF351D59BA4700814647 /* Assets.xcassets */,
				1264CF371D59BA4700814647 /* LaunchScreen.storyboard */,
				1264CF3A1D59BA4700814647 /* Info.plist */,
				1264CF321D59BA4700814647 /* SegmentedControl.xcdatamodeld */,
			);
			path = SegmentedControl;
			sourceTree = "<group>";
		};
		1264CF421D59BA4700814647 /* SegmentedControlTests */ = {
			isa = PBXGroup;
			children = (
				1264CF431D59BA4700814647 /* SegmentedControlTests.swift */,
				1264CF451D59BA4700814647 /* Info.plist */,
			);
			path = SegmentedControlTests;
			sourceTree = "<group>";
		};
		1264CF4D1D59BA4700814647 /* SegmentedControlUITests */ = {
			isa = PBXGroup;
			children = (
				1264CF4E1D59BA4700814647 /* SegmentedControlUITests.swift */,
				1264CF501D59BA4700814647 /* Info.plist */,
			);
			path = SegmentedControlUITests;
			sourceTree = "<group>";
		};
/* End PBXGroup section */

/* Begin PBXNativeTarget section */
		1264CF271D59BA4700814647 /* SegmentedControl */ = {
			isa = PBXNativeTarget;
			buildConfigurationList = 1264CF531D59BA4700814647 /* Build configuration list for PBXNativeTarget "SegmentedControl" */;
			buildPhases = (
				1264CF241D59BA4700814647 /* Sources */,
				1264CF251D59BA4700814647 /* Frameworks */,
				1264CF261D59BA4700814647 /* Resources */,
			);
			buildRules = (
			);
			dependencies = (
			);
			name = SegmentedControl;
			productName = SegmentedControl;
			productReference = 1264CF281D59BA4700814647 /* SegmentedControl.app */;
			productType = "com.apple.product-type.application";
		};
		1264CF3E1D59BA4700814647 /* SegmentedControlTests */ = {
			isa = PBXNativeTarget;
			buildConfigurationList = 1264CF561D59BA4700814647 /* Build configuration list for PBXNativeTarget "SegmentedControlTests" */;
			buildPhases = (
				1264CF3B1D59BA4700814647 /* Sources */,
				1264CF3C1D59BA4700814647 /* Frameworks */,
				1264CF3D1D59BA4700814647 /* Resources */,
			);
			buildRules = (
			);
			dependencies = (
				1264CF411D59BA4700814647 /* PBXTargetDependency */,
			);
			name = SegmentedControlTests;
			productName = SegmentedControlTests;
			productReference = 1264CF3F1D59BA4700814647 /* SegmentedControlTests.xctest */;
			productType = "com.apple.product-type.bundle.unit-test";
		};
		1264CF491D59BA4700814647 /* SegmentedControlUITests */ = {
			isa = PBXNativeTarget;
			buildConfigurationList = 1264CF591D59BA4700814647 /* Build configuration list for PBXNativeTarget "SegmentedControlUITests" */;
			buildPhases = (
				1264CF461D59BA4700814647 /* Sources */,
				1264CF471D59BA4700814647 /* Frameworks */,
				1264CF481D59BA4700814647 /* Resources */,
			);
			buildRules = (
			);
			dependencies = (
				1264CF4C1D59BA4700814647 /* PBXTargetDependency */,
			);
			name = SegmentedControlUITests;
			productName = SegmentedControlUITests;
			productReference = 1264CF4A1D59BA4700814647 /* SegmentedControlUITests.xctest */;
			productType = "com.apple.product-type.bundle.ui-testing";
		};
/* End PBXNativeTarget section */

/* Begin PBXProject section */
		1264CF201D59BA4700814647 /* Project object */ = {
			isa = PBXProject;
			attributes = {
				LastSwiftUpdateCheck = 0730;
				LastUpgradeCheck = 0730;
				ORGANIZATIONNAME = "Jeshal Mehta";
				TargetAttributes = {
					1264CF271D59BA4700814647 = {
						CreatedOnToolsVersion = 7.3;
					};
					1264CF3E1D59BA4700814647 = {
						CreatedOnToolsVersion = 7.3;
						TestTargetID = 1264CF271D59BA4700814647;
					};
					1264CF491D59BA4700814647 = {
						CreatedOnToolsVersion = 7.3;
						TestTargetID = 1264CF271D59BA4700814647;
					};
				};
			};
			buildConfigurationList = 1264CF231D59BA4700814647 /* Build configuration list for PBXProject "SegmentedControl" */;
			compatibilityVersion = "Xcode 3.2";
			developmentRegion = English;
			hasScannedForEncodings = 0;
			knownRegions = (
				en,
				Base,
			);
			mainGroup = 1264CF1F1D59BA4700814647;
			productRefGroup = 1264CF291D59BA4700814647 /* Products */;
			projectDirPath = "";
			projectRoot = "";
			targets = (
				1264CF271D59BA4700814647 /* SegmentedControl */,
				1264CF3E1D59BA4700814647 /* SegmentedControlTests */,
				1264CF491D59BA4700814647 /* SegmentedControlUITests */,
			);
		};
/* End PBXProject section */

/* Begin PBXResourcesBuildPhase section */
		1264CF261D59BA4700814647 /* Resources */ = {
			isa = PBXResourcesBuildPhase;
			buildActionMask = 2147483647;
			files = (
				1264CF391D59BA4700814647 /* LaunchScreen.storyboard in Resources */,
				1264CF361D59BA4700814647 /* Assets.xcassets in Resources */,
				1264CF311D59BA4700814647 /* Main.storyboard in Resources */,
			);
			runOnlyForDeploymentPostprocessing = 0;
		};
		1264CF3D1D59BA4700814647 /* Resources */ = {
			isa = PBXResourcesBuildPhase;
			buildActionMask = 2147483647;
			files = (
			);
			runOnlyForDeploymentPostprocessing = 0;
		};
		1264CF481D59BA4700814647 /* Resources */ = {
			isa = PBXResourcesBuildPhase;
			buildActionMask = 2147483647;
			files = (
			);
			runOnlyForDeploymentPostprocessing = 0;
		};
/* End PBXResourcesBuildPhase section */

/* Begin PBXSourcesBuildPhase section */
		1264CF241D59BA4700814647 /* Sources */ = {
			isa = PBXSourcesBuildPhase;
			buildActionMask = 2147483647;
			files = (
				1264CF2E1D59BA4700814647 /* ViewController.swift in Sources */,
				1264CF341D59BA4700814647 /* SegmentedControl.xcdatamodeld in Sources */,
				1264CF2C1D59BA4700814647 /* AppDelegate.swift in Sources */,
			);
			runOnlyForDeploymentPostprocessing = 0;
		};
		1264CF3B1D59BA4700814647 /* Sources */ = {
			isa = PBXSourcesBuildPhase;
			buildActionMask = 2147483647;
			files = (
				1264CF441D59BA4700814647 /* SegmentedControlTests.swift in Sources */,
			);
			runOnlyForDeploymentPostprocessing = 0;
		};
		1264CF461D59BA4700814647 /* Sources */ = {
			isa = PBXSourcesBuildPhase;
			buildActionMask = 2147483647;
			files = (
				1264CF4F1D59BA4700814647 /* SegmentedControlUITests.swift in Sources */,
			);
			runOnlyForDeploymentPostprocessing = 0;
		};
/* End PBXSourcesBuildPhase section */

/* Begin PBXTargetDependency section */
		1264CF411D59BA4700814647 /* PBXTargetDependency */ = {
			isa = PBXTargetDependency;
			target = 1264CF271D59BA4700814647 /* SegmentedControl */;
			targetProxy = 1264CF401D59BA4700814647 /* PBXContainerItemProxy */;
		};
		1264CF4C1D59BA4700814647 /* PBXTargetDependency */ = {
			isa = PBXTargetDependency;
			target = 1264CF271D59BA4700814647 /* SegmentedControl */;
			targetProxy = 1264CF4B1D59BA4700814647 /* PBXContainerItemProxy */;
		};
/* End PBXTargetDependency section */

/* Begin PBXVariantGroup section */
		1264CF2F1D59BA4700814647 /* Main.storyboard */ = {
			isa = PBXVariantGroup;
			children = (
				1264CF301D59BA4700814647 /* Base */,
			);
			name = Main.storyboard;
			sourceTree = "<group>";
		};
		1264CF371D59BA4700814647 /* LaunchScreen.storyboard */ = {
			isa = PBXVariantGroup;
			children = (
				1264CF381D59BA4700814647 /* Base */,
			);
			name = LaunchScreen.storyboard;
			sourceTree = "<group>";
		};
/* End PBXVariantGroup section */

/* Begin XCBuildConfiguration section */
		1264CF511D59BA4700814647 /* Debug */ = {
			isa = XCBuildConfiguration;
			buildSettings = {
				ALWAYS_SEARCH_USER_PATHS = NO;
				CLANG_ANALYZER_NONNULL = YES;
				CLANG_CXX_LANGUAGE_STANDARD = "gnu++0x";
				CLANG_CXX_LIBRARY = "libc++";
				CLANG_ENABLE_MODULES = YES;
				CLANG_ENABLE_OBJC_ARC = YES;
				CLANG_WARN_BOOL_CONVERSION = YES;
				CLANG_WARN_CONSTANT_CONVERSION = YES;
				CLANG_WARN_DIRECT_OBJC_ISA_USAGE = YES_ERROR;
				CLANG_WARN_EMPTY_BODY = YES;
				CLANG_WARN_ENUM_CONVERSION = YES;
				CLANG_WARN_INT_CONVERSION = YES;
				CLANG_WARN_OBJC_ROOT_CLASS = YES_ERROR;
				CLANG_WARN_UNREACHABLE_CODE = YES;
				CLANG_WARN__DUPLICATE_METHOD_MATCH = YES;
				"CODE_SIGN_IDENTITY[sdk=iphoneos*]" = "iPhone Developer";
				COPY_PHASE_STRIP = NO;
				DEBUG_INFORMATION_FORMAT = dwarf;
				ENABLE_STRICT_OBJC_MSGSEND = YES;
				ENABLE_TESTABILITY = YES;
				GCC_C_LANGUAGE_STANDARD = gnu99;
				GCC_DYNAMIC_NO_PIC = NO;
				GCC_NO_COMMON_BLOCKS = YES;
				GCC_OPTIMIZATION_LEVEL = 0;
				GCC_PREPROCESSOR_DEFINITIONS = (
					"DEBUG=1",
					"$(inherited)",
				);
				GCC_WARN_64_TO_32_BIT_CONVERSION = YES;
				GCC_WARN_ABOUT_RETURN_TYPE = YES_ERROR;
				GCC_WARN_UNDECLARED_SELECTOR = YES;
				GCC_WARN_UNINITIALIZED_AUTOS = YES_AGGRESSIVE;
				GCC_WARN_UNUSED_FUNCTION = YES;
				GCC_WARN_UNUSED_VARIABLE = YES;
				IPHONEOS_DEPLOYMENT_TARGET = 9.3;
				MTL_ENABLE_DEBUG_INFO = YES;
				ONLY_ACTIVE_ARCH = YES;
				SDKROOT = iphoneos;
				SWIFT_OPTIMIZATION_LEVEL = "-Onone";
			};
			name = Debug;
		};
		1264CF521D59BA4700814647 /* Release */ = {
			isa = XCBuildConfiguration;
			buildSettings = {
				ALWAYS_SEARCH_USER_PATHS = NO;
				CLANG_ANALYZER_NONNULL = YES;
				CLANG_CXX_LANGUAGE_STANDARD = "gnu++0x";
				CLANG_CXX_LIBRARY = "libc++";
				CLANG_ENABLE_MODULES = YES;
				CLANG_ENABLE_OBJC_ARC = YES;
				CLANG_WARN_BOOL_CONVERSION = YES;
				CLANG_WARN_CONSTANT_CONVERSION = YES;
				CLANG_WARN_DIRECT_OBJC_ISA_USAGE = YES_ERROR;
				CLANG_WARN_EMPTY_BODY = YES;
				CLANG_WARN_ENUM_CONVERSION = YES;
				CLANG_WARN_INT_CONVERSION = YES;
				CLANG_WARN_OBJC_ROOT_CLASS = YES_ERROR;
				CLANG_WARN_UNREACHABLE_CODE = YES;
				CLANG_WARN__DUPLICATE_METHOD_MATCH = YES;
				"CODE_SIGN_IDENTITY[sdk=iphoneos*]" = "iPhone Developer";
				COPY_PHASE_STRIP = NO;
				DEBUG_INFORMATION_FORMAT = "dwarf-with-dsym";
				ENABLE_NS_ASSERTIONS = NO;
				ENABLE_STRICT_OBJC_MSGSEND = YES;
				GCC_C_LANGUAGE_STANDARD = gnu99;
				GCC_NO_COMMON_BLOCKS = YES;
				GCC_WARN_64_TO_32_BIT_CONVERSION = YES;
				GCC_WARN_ABOUT_RETURN_TYPE = YES_ERROR;
				GCC_WARN_UNDECLARED_SELECTOR = YES;
				GCC_WARN_UNINITIALIZED_AUTOS = YES_AGGRESSIVE;
				GCC_WARN_UNUSED_FUNCTION = YES;
				GCC_WARN_UNUSED_VARIABLE = YES;
				IPHONEOS_DEPLOYMENT_TARGET = 9.3;
				MTL_ENABLE_DEBUG_INFO = NO;
				SDKROOT = iphoneos;
				VALIDATE_PRODUCT = YES;
			};
			name = Release;
		};
		1264CF541D59BA4700814647 /* Debug */ = {
			isa = XCBuildConfiguration;
			buildSettings = {
				ASSETCATALOG_COMPILER_APPICON_NAME = AppIcon;
				INFOPLIST_FILE = SegmentedControl/Info.plist;
				LD_RUNPATH_SEARCH_PATHS = "$(inherited) @executable_path/Frameworks";
				PRODUCT_BUNDLE_IDENTIFIER = com.onemonth.SegmentedControl;
				PRODUCT_NAME = "$(TARGET_NAME)";
			};
			name = Debug;
		};
		1264CF551D59BA4700814647 /* Release */ = {
			isa = XCBuildConfiguration;
			buildSettings = {
				ASSETCATALOG_COMPILER_APPICON_NAME = AppIcon;
				INFOPLIST_FILE = SegmentedControl/Info.plist;
				LD_RUNPATH_SEARCH_PATHS = "$(inherited) @executable_path/Frameworks";
				PRODUCT_BUNDLE_IDENTIFIER = com.onemonth.SegmentedControl;
				PRODUCT_NAME = "$(TARGET_NAME)";
			};
			name = Release;
		};
		1264CF571D59BA4700814647 /* Debug */ = {
			isa = XCBuildConfiguration;
			buildSettings = {
				BUNDLE_LOADER = "$(TEST_HOST)";
				INFOPLIST_FILE = SegmentedControlTests/Info.plist;
				LD_RUNPATH_SEARCH_PATHS = "$(inherited) @executable_path/Frameworks @loader_path/Frameworks";
				PRODUCT_BUNDLE_IDENTIFIER = com.onemonth.SegmentedControlTests;
				PRODUCT_NAME = "$(TARGET_NAME)";
				TEST_HOST = "$(BUILT_PRODUCTS_DIR)/SegmentedControl.app/SegmentedControl";
			};
			name = Debug;
		};
		1264CF581D59BA4700814647 /* Release */ = {
			isa = XCBuildConfiguration;
			buildSettings = {
				BUNDLE_LOADER = "$(TEST_HOST)";
				INFOPLIST_FILE = SegmentedControlTests/Info.plist;
				LD_RUNPATH_SEARCH_PATHS = "$(inherited) @executable_path/Frameworks @loader_path/Frameworks";
				PRODUCT_BUNDLE_IDENTIFIER = com.onemonth.SegmentedControlTests;
				PRODUCT_NAME = "$(TARGET_NAME)";
				TEST_HOST = "$(BUILT_PRODUCTS_DIR)/SegmentedControl.app/SegmentedControl";
			};
			name = Release;
		};
		1264CF5A1D59BA4700814647 /* Debug */ = {
			isa = XCBuildConfiguration;
			buildSettings = {
				INFOPLIST_FILE = SegmentedControlUITests/Info.plist;
				LD_RUNPATH_SEARCH_PATHS = "$(inherited) @executable_path/Frameworks @loader_path/Frameworks";
				PRODUCT_BUNDLE_IDENTIFIER = com.onemonth.SegmentedControlUITests;
				PRODUCT_NAME = "$(TARGET_NAME)";
				TEST_TARGET_NAME = SegmentedControl;
			};
			name = Debug;
		};
		1264CF5B1D59BA4700814647 /* Release */ = {
			isa = XCBuildConfiguration;
			buildSettings = {
				INFOPLIST_FILE = SegmentedControlUITests/Info.plist;
				LD_RUNPATH_SEARCH_PATHS = "$(inherited) @executable_path/Frameworks @loader_path/Frameworks";
				PRODUCT_BUNDLE_IDENTIFIER = com.onemonth.SegmentedControlUITests;
				PRODUCT_NAME = "$(TARGET_NAME)";
				TEST_TARGET_NAME = SegmentedControl;
			};
			name = Release;
		};
/* End XCBuildConfiguration section */

/* Begin XCConfigurationList section */
		1264CF231D59BA4700814647 /* Build configuration list for PBXProject "SegmentedControl" */ = {
			isa = XCConfigurationList;
			buildConfigurations = (
				1264CF511D59BA4700814647 /* Debug */,
				1264CF521D59BA4700814647 /* Release */,
			);
			defaultConfigurationIsVisible = 0;
			defaultConfigurationName = Release;
		};
		1264CF531D59BA4700814647 /* Build configuration list for PBXNativeTarget "SegmentedControl" */ = {
			isa = XCConfigurationList;
			buildConfigurations = (
				1264CF541D59BA4700814647 /* Debug */,
				1264CF551D59BA4700814647 /* Release */,
			);
			defaultConfigurationIsVisible = 0;
		};
		1264CF561D59BA4700814647 /* Build configuration list for PBXNativeTarget "SegmentedControlTests" */ = {
			isa = XCConfigurationList;
			buildConfigurations = (
				1264CF571D59BA4700814647 /* Debug */,
				1264CF581D59BA4700814647 /* Release */,
			);
			defaultConfigurationIsVisible = 0;
		};
		1264CF591D59BA4700814647 /* Build configuration list for PBXNativeTarget "SegmentedControlUITests" */ = {
			isa = XCConfigurationList;
			buildConfigurations = (
				1264CF5A1D59BA4700814647 /* Debug */,
				1264CF5B1D59BA4700814647 /* Release */,
			);
			defaultConfigurationIsVisible = 0;
		};
/* End XCConfigurationList section */

/* Begin XCVersionGroup section */
		1264CF321D59BA4700814647 /* SegmentedControl.xcdatamodeld */ = {
			isa = XCVersionGroup;
			children = (
				1264CF331D59BA4700814647 /* SegmentedControl.xcdatamodel */,
			);
			currentVersion = 1264CF331D59BA4700814647 /* SegmentedControl.xcdatamodel */;
			path = SegmentedControl.xcdatamodeld;
			sourceTree = "<group>";
			versionGroupType = wrapper.xcdatamodel;
		};
/* End XCVersionGroup section */
	};
	rootObject = 1264CF201D59BA4700814647 /* Project object */;
}
